{
  "lockfile-version": 1,
  "manifest": {
    "version": 1,
    "install": {
      "_1password-cli": {
        "pkg-path": "_1password-cli"
      },
      "exa": {
        "pkg-path": "exa",
        "pkg-group": "exa"
      },
      "gitui": {
        "pkg-path": "gitui"
      },
      "helix": {
        "pkg-path": "helix"
      },
      "lima": {
        "pkg-path": "lima"
      },
      "podman": {
        "pkg-path": "podman"
      },
      "raycast": {
        "pkg-path": "raycast",
        "systems": [
          "aarch64-darwin",
          "x86_64-darwin"
        ]
      },
      "xz": {
        "pkg-path": "xz"
      }
    },
    "vars": {
      "EDITOR": "hx",
      "FLOX_PROMPT_DISABLE": "1"
    },
    "hook": {},
    "profile": {
      "common": "  alias ic='ibmcloud'\n  alias iks='ibmcloud ks'\n  alias roks='ibmcloud oc'\n  alias vpc='ibmcloud is'\n  alias c='podman ps'\n  alias dotfiles='/usr/bin/git --git-dir=$HOME/.dotfiles/ --work-tree=$HOME'\n  alias ls='exa'\n  autoload -U colors; colors\n  export KUBECONFIG=`mktemp`\n  export PATH=\"$PATH:/Users/jtp/.local/bin:/usr/local/bin\"\n\n",
      "zsh": "  eval \"$(starship init zsh)\"\n"
    },
    "options": {
      "systems": [
        "aarch64-darwin",
        "aarch64-linux",
        "x86_64-darwin",
        "x86_64-linux"
      ],
      "allow": {
        "licenses": []
      },
      "semver": {}
    }
  },
  "packages": [
    {
      "attr_path": "exa",
      "broken": false,
      "derivation": "/nix/store/kl61866l4995mw6c85dir0fijc4vxzyb-exa-unstable-2023-03-01.drv",
      "description": "Replacement for 'ls' written in Rust",
      "install_id": "exa",
      "license": "MIT",
      "locked_url": "https://github.com/flox/nixpkgs?rev=e56990880811a451abd32515698c712788be5720",
      "name": "exa-unstable-2023-03-01",
      "pname": "exa",
      "rev": "e56990880811a451abd32515698c712788be5720",
      "rev_count": 521611,
      "rev_date": "2023-09-02T14:03:41Z",
      "scrape_date": "2024-08-16T00:19:10Z",
      "stabilities": [
        "staging",
        "unstable"
      ],
      "unfree": false,
      "version": "unstable-2023-03-01",
      "outputs_to_install": [
        "out",
        "man"
      ],
      "outputs": {
        "man": "/nix/store/549s3qg3qrhyjjwwin29ma4hwqs3938j-exa-unstable-2023-03-01-man",
        "out": "/nix/store/awvk6hp7d1mr313xan0n29akwfd6cbdw-exa-unstable-2023-03-01"
      },
      "system": "aarch64-darwin",
      "group": "exa",
      "priority": 5
    },
    {
      "attr_path": "exa",
      "broken": false,
      "derivation": "/nix/store/cc4zv72p38qbpcwf6b04ag33zgmxj9bm-exa-unstable-2023-03-01.drv",
      "description": "Replacement for 'ls' written in Rust",
      "install_id": "exa",
      "license": "MIT",
      "locked_url": "https://github.com/flox/nixpkgs?rev=e56990880811a451abd32515698c712788be5720",
      "name": "exa-unstable-2023-03-01",
      "pname": "exa",
      "rev": "e56990880811a451abd32515698c712788be5720",
      "rev_count": 521611,
      "rev_date": "2023-09-02T14:03:41Z",
      "scrape_date": "2024-08-16T00:19:10Z",
      "stabilities": [
        "staging",
        "unstable"
      ],
      "unfree": false,
      "version": "unstable-2023-03-01",
      "outputs_to_install": [
        "out",
        "man"
      ],
      "outputs": {
        "man": "/nix/store/qsyj83prwsbss7rkza5dim608nz6blq8-exa-unstable-2023-03-01-man",
        "out": "/nix/store/inlz5cizqgsqw3ivyhdfx06yiaszqshs-exa-unstable-2023-03-01"
      },
      "system": "aarch64-linux",
      "group": "exa",
      "priority": 5
    },
    {
      "attr_path": "exa",
      "broken": false,
      "derivation": "/nix/store/pkjc6c907pzzkhi0s5m405ghx02c539l-exa-unstable-2023-03-01.drv",
      "description": "Replacement for 'ls' written in Rust",
      "install_id": "exa",
      "license": "MIT",
      "locked_url": "https://github.com/flox/nixpkgs?rev=e56990880811a451abd32515698c712788be5720",
      "name": "exa-unstable-2023-03-01",
      "pname": "exa",
      "rev": "e56990880811a451abd32515698c712788be5720",
      "rev_count": 521611,
      "rev_date": "2023-09-02T14:03:41Z",
      "scrape_date": "2024-08-16T00:19:10Z",
      "stabilities": [
        "staging",
        "unstable"
      ],
      "unfree": false,
      "version": "unstable-2023-03-01",
      "outputs_to_install": [
        "out",
        "man"
      ],
      "outputs": {
        "man": "/nix/store/sbbhcimxw42asmdhjnnp4zkjgwjj24ax-exa-unstable-2023-03-01-man",
        "out": "/nix/store/52685q7wa2lks572nqyvaibpqj1x47jg-exa-unstable-2023-03-01"
      },
      "system": "x86_64-darwin",
      "group": "exa",
      "priority": 5
    },
    {
      "attr_path": "exa",
      "broken": false,
      "derivation": "/nix/store/fwvk66brfmb05jd1vzsvpqy4d45v4iii-exa-unstable-2023-03-01.drv",
      "description": "Replacement for 'ls' written in Rust",
      "install_id": "exa",
      "license": "MIT",
      "locked_url": "https://github.com/flox/nixpkgs?rev=e56990880811a451abd32515698c712788be5720",
      "name": "exa-unstable-2023-03-01",
      "pname": "exa",
      "rev": "e56990880811a451abd32515698c712788be5720",
      "rev_count": 521611,
      "rev_date": "2023-09-02T14:03:41Z",
      "scrape_date": "2024-08-16T00:19:10Z",
      "stabilities": [
        "staging",
        "unstable"
      ],
      "unfree": false,
      "version": "unstable-2023-03-01",
      "outputs_to_install": [
        "out",
        "man"
      ],
      "outputs": {
        "man": "/nix/store/7arx9z5xf60g7iyhxj80j9g21gs1xgsk-exa-unstable-2023-03-01-man",
        "out": "/nix/store/lh4c4lvn5bpndiml3ajhjarcpy9wpf3g-exa-unstable-2023-03-01"
      },
      "system": "x86_64-linux",
      "group": "exa",
      "priority": 5
    },
    {
      "attr_path": "_1password-cli",
      "broken": false,
      "derivation": "/nix/store/xdxs54v1jskb97rhhsfsi74mcs7s69y7-1password-cli-2.30.3.drv",
      "description": "1Password command-line tool",
      "install_id": "_1password-cli",
      "license": "Unfree",
      "locked_url": "https://github.com/flox/nixpkgs?rev=9e4d5190a9482a1fb9d18adf0bdb83c6e506eaab",
      "name": "1password-cli-2.30.3",
      "pname": "_1password-cli",
      "rev": "9e4d5190a9482a1fb9d18adf0bdb83c6e506eaab",
      "rev_count": 742084,
      "rev_date": "2025-01-21T14:28:11Z",
      "scrape_date": "2025-01-23T00:15:48Z",
      "stabilities": [
        "unstable"
      ],
      "unfree": true,
      "version": "1password-cli-2.30.3",
      "outputs_to_install": [
        "out"
      ],
      "outputs": {
        "out": "/nix/store/w73v66msf4agaks802sylgx1175l33g1-1password-cli-2.30.3"
      },
      "system": "aarch64-darwin",
      "group": "toplevel",
      "priority": 5
    },
    {
      "attr_path": "_1password-cli",
      "broken": false,
      "derivation": "/nix/store/vp72l23qckzwlha0fxxaa15l1gv0215b-1password-cli-2.30.3.drv",
      "description": "1Password command-line tool",
      "install_id": "_1password-cli",
      "license": "Unfree",
      "locked_url": "https://github.com/flox/nixpkgs?rev=9e4d5190a9482a1fb9d18adf0bdb83c6e506eaab",
      "name": "1password-cli-2.30.3",
      "pname": "_1password-cli",
      "rev": "9e4d5190a9482a1fb9d18adf0bdb83c6e506eaab",
      "rev_count": 742084,
      "rev_date": "2025-01-21T14:28:11Z",
      "scrape_date": "2025-01-23T00:15:48Z",
      "stabilities": [
        "unstable"
      ],
      "unfree": true,
      "version": "1password-cli-2.30.3",
      "outputs_to_install": [
        "out"
      ],
      "outputs": {
        "out": "/nix/store/jfjm52k7v1fg5ay7yfdzf3837rjhrjwp-1password-cli-2.30.3"
      },
      "system": "aarch64-linux",
      "group": "toplevel",
      "priority": 5
    },
    {
      "attr_path": "_1password-cli",
      "broken": false,
      "derivation": "/nix/store/yallz2labaf40lg704m4zhfwz1wphl23-1password-cli-2.30.3.drv",
      "description": "1Password command-line tool",
      "install_id": "_1password-cli",
      "license": "Unfree",
      "locked_url": "https://github.com/flox/nixpkgs?rev=9e4d5190a9482a1fb9d18adf0bdb83c6e506eaab",
      "name": "1password-cli-2.30.3",
      "pname": "_1password-cli",
      "rev": "9e4d5190a9482a1fb9d18adf0bdb83c6e506eaab",
      "rev_count": 742084,
      "rev_date": "2025-01-21T14:28:11Z",
      "scrape_date": "2025-01-23T00:15:48Z",
      "stabilities": [
        "unstable"
      ],
      "unfree": true,
      "version": "1password-cli-2.30.3",
      "outputs_to_install": [
        "out"
      ],
      "outputs": {
        "out": "/nix/store/3bg9zvc1rpvbb0hpin782cwwilkkgzl1-1password-cli-2.30.3"
      },
      "system": "x86_64-darwin",
      "group": "toplevel",
      "priority": 5
    },
    {
      "attr_path": "_1password-cli",
      "broken": false,
      "derivation": "/nix/store/6a2bl4j5v910752kpp4mr99fsncrpmhf-1password-cli-2.30.3.drv",
      "description": "1Password command-line tool",
      "install_id": "_1password-cli",
      "license": "Unfree",
      "locked_url": "https://github.com/flox/nixpkgs?rev=9e4d5190a9482a1fb9d18adf0bdb83c6e506eaab",
      "name": "1password-cli-2.30.3",
      "pname": "_1password-cli",
      "rev": "9e4d5190a9482a1fb9d18adf0bdb83c6e506eaab",
      "rev_count": 742084,
      "rev_date": "2025-01-21T14:28:11Z",
      "scrape_date": "2025-01-23T00:15:48Z",
      "stabilities": [
        "unstable"
      ],
      "unfree": true,
      "version": "1password-cli-2.30.3",
      "outputs_to_install": [
        "out"
      ],
      "outputs": {
        "out": "/nix/store/6mn0bk3xcwdz8z4hzp1r2kjhp149fmsr-1password-cli-2.30.3"
      },
      "system": "x86_64-linux",
      "group": "toplevel",
      "priority": 5
    },
    {
      "attr_path": "gitui",
      "broken": false,
      "derivation": "/nix/store/88vm28c708bpwb25fa1fk3d6zhfr2k1c-gitui-0.27.0.drv",
      "description": "Blazing fast terminal-ui for Git written in Rust",
      "install_id": "gitui",
      "license": "MIT",
      "locked_url": "https://github.com/flox/nixpkgs?rev=9e4d5190a9482a1fb9d18adf0bdb83c6e506eaab",
      "name": "gitui-0.27.0",
      "pname": "gitui",
      "rev": "9e4d5190a9482a1fb9d18adf0bdb83c6e506eaab",
      "rev_count": 742084,
      "rev_date": "2025-01-21T14:28:11Z",
      "scrape_date": "2025-01-23T00:15:48Z",
      "stabilities": [
        "unstable"
      ],
      "unfree": false,
      "version": "0.27.0",
      "outputs_to_install": [
        "out"
      ],
      "outputs": {
        "out": "/nix/store/n7ykmkisakv94j0m9fswlja62rcq8z9x-gitui-0.27.0"
      },
      "system": "aarch64-darwin",
      "group": "toplevel",
      "priority": 5
    },
    {
      "attr_path": "gitui",
      "broken": false,
      "derivation": "/nix/store/0zixxwa5indms7zvx4mvdhn5wn1mqgp1-gitui-0.27.0.drv",
      "description": "Blazing fast terminal-ui for Git written in Rust",
      "install_id": "gitui",
      "license": "MIT",
      "locked_url": "https://github.com/flox/nixpkgs?rev=9e4d5190a9482a1fb9d18adf0bdb83c6e506eaab",
      "name": "gitui-0.27.0",
      "pname": "gitui",
      "rev": "9e4d5190a9482a1fb9d18adf0bdb83c6e506eaab",
      "rev_count": 742084,
      "rev_date": "2025-01-21T14:28:11Z",
      "scrape_date": "2025-01-23T00:15:48Z",
      "stabilities": [
        "unstable"
      ],
      "unfree": false,
      "version": "0.27.0",
      "outputs_to_install": [
        "out"
      ],
      "outputs": {
        "out": "/nix/store/wx0y2vzpi5injmd49zrflgv8xsww6yir-gitui-0.27.0"
      },
      "system": "aarch64-linux",
      "group": "toplevel",
      "priority": 5
    },
    {
      "attr_path": "gitui",
      "broken": false,
      "derivation": "/nix/store/08m3y2c2ih0f4s9givrdn5znfawm4vi0-gitui-0.27.0.drv",
      "description": "Blazing fast terminal-ui for Git written in Rust",
      "install_id": "gitui",
      "license": "MIT",
      "locked_url": "https://github.com/flox/nixpkgs?rev=9e4d5190a9482a1fb9d18adf0bdb83c6e506eaab",
      "name": "gitui-0.27.0",
      "pname": "gitui",
      "rev": "9e4d5190a9482a1fb9d18adf0bdb83c6e506eaab",
      "rev_count": 742084,
      "rev_date": "2025-01-21T14:28:11Z",
      "scrape_date": "2025-01-23T00:15:48Z",
      "stabilities": [
        "unstable"
      ],
      "unfree": false,
      "version": "0.27.0",
      "outputs_to_install": [
        "out"
      ],
      "outputs": {
        "out": "/nix/store/kk751jkq28zz57qb1w7m46bhf0xy5b8k-gitui-0.27.0"
      },
      "system": "x86_64-darwin",
      "group": "toplevel",
      "priority": 5
    },
    {
      "attr_path": "gitui",
      "broken": false,
      "derivation": "/nix/store/rkr9177xkkq81rrlvj62davs5r9gbpkd-gitui-0.27.0.drv",
      "description": "Blazing fast terminal-ui for Git written in Rust",
      "install_id": "gitui",
      "license": "MIT",
      "locked_url": "https://github.com/flox/nixpkgs?rev=9e4d5190a9482a1fb9d18adf0bdb83c6e506eaab",
      "name": "gitui-0.27.0",
      "pname": "gitui",
      "rev": "9e4d5190a9482a1fb9d18adf0bdb83c6e506eaab",
      "rev_count": 742084,
      "rev_date": "2025-01-21T14:28:11Z",
      "scrape_date": "2025-01-23T00:15:48Z",
      "stabilities": [
        "unstable"
      ],
      "unfree": false,
      "version": "0.27.0",
      "outputs_to_install": [
        "out"
      ],
      "outputs": {
        "out": "/nix/store/s82wg7i20sj8ss6mqazh3b2wl4yyiwgs-gitui-0.27.0"
      },
      "system": "x86_64-linux",
      "group": "toplevel",
      "priority": 5
    },
    {
      "attr_path": "helix",
      "broken": false,
      "derivation": "/nix/store/j17xj2yncx19dqwlg48szk5njmrh39qh-helix-25.01.1.drv",
      "description": "Post-modern modal text editor",
      "install_id": "helix",
      "license": "MPL-2.0",
      "locked_url": "https://github.com/flox/nixpkgs?rev=9e4d5190a9482a1fb9d18adf0bdb83c6e506eaab",
      "name": "helix-25.01.1",
      "pname": "helix",
      "rev": "9e4d5190a9482a1fb9d18adf0bdb83c6e506eaab",
      "rev_count": 742084,
      "rev_date": "2025-01-21T14:28:11Z",
      "scrape_date": "2025-01-23T00:15:48Z",
      "stabilities": [
        "unstable"
      ],
      "unfree": false,
      "version": "25.01.1",
      "outputs_to_install": [
        "out"
      ],
      "outputs": {
        "out": "/nix/store/lk58j36gdg9gc203yb210757xdddnvk8-helix-25.01.1"
      },
      "system": "aarch64-darwin",
      "group": "toplevel",
      "priority": 5
    },
    {
      "attr_path": "helix",
      "broken": false,
      "derivation": "/nix/store/d73jlwccvp0c6sygjjmpgxpcjfyxrcn3-helix-25.01.1.drv",
      "description": "Post-modern modal text editor",
      "install_id": "helix",
      "license": "MPL-2.0",
      "locked_url": "https://github.com/flox/nixpkgs?rev=9e4d5190a9482a1fb9d18adf0bdb83c6e506eaab",
      "name": "helix-25.01.1",
      "pname": "helix",
      "rev": "9e4d5190a9482a1fb9d18adf0bdb83c6e506eaab",
      "rev_count": 742084,
      "rev_date": "2025-01-21T14:28:11Z",
      "scrape_date": "2025-01-23T00:15:48Z",
      "stabilities": [
        "unstable"
      ],
      "unfree": false,
      "version": "25.01.1",
      "outputs_to_install": [
        "out"
      ],
      "outputs": {
        "out": "/nix/store/mdwlq022v5j80hppsc2jkvfvkv7mg33y-helix-25.01.1"
      },
      "system": "aarch64-linux",
      "group": "toplevel",
      "priority": 5
    },
    {
      "attr_path": "helix",
      "broken": false,
      "derivation": "/nix/store/50kw64fk6izj79i0gdj6kylwwq335zl6-helix-25.01.1.drv",
      "description": "Post-modern modal text editor",
      "install_id": "helix",
      "license": "MPL-2.0",
      "locked_url": "https://github.com/flox/nixpkgs?rev=9e4d5190a9482a1fb9d18adf0bdb83c6e506eaab",
      "name": "helix-25.01.1",
      "pname": "helix",
      "rev": "9e4d5190a9482a1fb9d18adf0bdb83c6e506eaab",
      "rev_count": 742084,
      "rev_date": "2025-01-21T14:28:11Z",
      "scrape_date": "2025-01-23T00:15:48Z",
      "stabilities": [
        "unstable"
      ],
      "unfree": false,
      "version": "25.01.1",
      "outputs_to_install": [
        "out"
      ],
      "outputs": {
        "out": "/nix/store/5anhf3vy9dzy9pfi2yx7hnx4nsmhm6jp-helix-25.01.1"
      },
      "system": "x86_64-darwin",
      "group": "toplevel",
      "priority": 5
    },
    {
      "attr_path": "helix",
      "broken": false,
      "derivation": "/nix/store/s4wk9kzavm1ag4wi1f8yc2vkrmdfdwiv-helix-25.01.1.drv",
      "description": "Post-modern modal text editor",
      "install_id": "helix",
      "license": "MPL-2.0",
      "locked_url": "https://github.com/flox/nixpkgs?rev=9e4d5190a9482a1fb9d18adf0bdb83c6e506eaab",
      "name": "helix-25.01.1",
      "pname": "helix",
      "rev": "9e4d5190a9482a1fb9d18adf0bdb83c6e506eaab",
      "rev_count": 742084,
      "rev_date": "2025-01-21T14:28:11Z",
      "scrape_date": "2025-01-23T00:15:48Z",
      "stabilities": [
        "unstable"
      ],
      "unfree": false,
      "version": "25.01.1",
      "outputs_to_install": [
        "out"
      ],
      "outputs": {
        "out": "/nix/store/w7q3jnjzq9xs365hcy5ypn3p1zxxmkkq-helix-25.01.1"
      },
      "system": "x86_64-linux",
      "group": "toplevel",
      "priority": 5
    },
    {
      "attr_path": "lima",
      "broken": false,
      "derivation": "/nix/store/lnmyyzsb4xsdhca9jbgnjcmdd4a7138n-lima-1.0.3.drv",
      "description": "Linux virtual machines (on macOS, in most cases)",
      "install_id": "lima",
      "license": "Apache-2.0",
      "locked_url": "https://github.com/flox/nixpkgs?rev=9e4d5190a9482a1fb9d18adf0bdb83c6e506eaab",
      "name": "lima-1.0.3",
      "pname": "lima",
      "rev": "9e4d5190a9482a1fb9d18adf0bdb83c6e506eaab",
      "rev_count": 742084,
      "rev_date": "2025-01-21T14:28:11Z",
      "scrape_date": "2025-01-23T00:15:48Z",
      "stabilities": [
        "unstable"
      ],
      "unfree": false,
      "version": "1.0.3",
      "outputs_to_install": [
        "out"
      ],
      "outputs": {
        "out": "/nix/store/3kyybsv42n2q89sjcvyfrv6s68xsx744-lima-1.0.3"
      },
      "system": "aarch64-darwin",
      "group": "toplevel",
      "priority": 5
    },
    {
      "attr_path": "lima",
      "broken": false,
      "derivation": "/nix/store/4343i5ssridy2pkxscmzacq5bkbyv2ch-lima-1.0.3.drv",
      "description": "Linux virtual machines (on macOS, in most cases)",
      "install_id": "lima",
      "license": "Apache-2.0",
      "locked_url": "https://github.com/flox/nixpkgs?rev=9e4d5190a9482a1fb9d18adf0bdb83c6e506eaab",
      "name": "lima-1.0.3",
      "pname": "lima",
      "rev": "9e4d5190a9482a1fb9d18adf0bdb83c6e506eaab",
      "rev_count": 742084,
      "rev_date": "2025-01-21T14:28:11Z",
      "scrape_date": "2025-01-23T00:15:48Z",
      "stabilities": [
        "unstable"
      ],
      "unfree": false,
      "version": "1.0.3",
      "outputs_to_install": [
        "out"
      ],
      "outputs": {
        "out": "/nix/store/fpapar3wb827mpphsz307cxlf1j80j7f-lima-1.0.3"
      },
      "system": "aarch64-linux",
      "group": "toplevel",
      "priority": 5
    },
    {
      "attr_path": "lima",
      "broken": false,
      "derivation": "/nix/store/cgamw1m71cmcglrsvahlllxaz4gypyqq-lima-1.0.3.drv",
      "description": "Linux virtual machines (on macOS, in most cases)",
      "install_id": "lima",
      "license": "Apache-2.0",
      "locked_url": "https://github.com/flox/nixpkgs?rev=9e4d5190a9482a1fb9d18adf0bdb83c6e506eaab",
      "name": "lima-1.0.3",
      "pname": "lima",
      "rev": "9e4d5190a9482a1fb9d18adf0bdb83c6e506eaab",
      "rev_count": 742084,
      "rev_date": "2025-01-21T14:28:11Z",
      "scrape_date": "2025-01-23T00:15:48Z",
      "stabilities": [
        "unstable"
      ],
      "unfree": false,
      "version": "1.0.3",
      "outputs_to_install": [
        "out"
      ],
      "outputs": {
        "out": "/nix/store/l53di7xg37nrlg3k4vmbr9jn30abgy82-lima-1.0.3"
      },
      "system": "x86_64-darwin",
      "group": "toplevel",
      "priority": 5
    },
    {
      "attr_path": "lima",
      "broken": false,
      "derivation": "/nix/store/cjvp3sgipbd4dilz10fxcgp8mwl69dkr-lima-1.0.3.drv",
      "description": "Linux virtual machines (on macOS, in most cases)",
      "install_id": "lima",
      "license": "Apache-2.0",
      "locked_url": "https://github.com/flox/nixpkgs?rev=9e4d5190a9482a1fb9d18adf0bdb83c6e506eaab",
      "name": "lima-1.0.3",
      "pname": "lima",
      "rev": "9e4d5190a9482a1fb9d18adf0bdb83c6e506eaab",
      "rev_count": 742084,
      "rev_date": "2025-01-21T14:28:11Z",
      "scrape_date": "2025-01-23T00:15:48Z",
      "stabilities": [
        "unstable"
      ],
      "unfree": false,
      "version": "1.0.3",
      "outputs_to_install": [
        "out"
      ],
      "outputs": {
        "out": "/nix/store/f32zci73qdzc6zmwcljs6s1igl1kwcmx-lima-1.0.3"
      },
      "system": "x86_64-linux",
      "group": "toplevel",
      "priority": 5
    },
    {
      "attr_path": "podman",
      "broken": false,
      "derivation": "/nix/store/39qh6wsrpad0g9z3jvxcznb1c8w5zppa-podman-5.3.1.drv",
      "description": "Program for managing pods, containers and container images",
      "install_id": "podman",
      "license": "Apache-2.0",
      "locked_url": "https://github.com/flox/nixpkgs?rev=9e4d5190a9482a1fb9d18adf0bdb83c6e506eaab",
      "name": "podman-5.3.1",
      "pname": "podman",
      "rev": "9e4d5190a9482a1fb9d18adf0bdb83c6e506eaab",
      "rev_count": 742084,
      "rev_date": "2025-01-21T14:28:11Z",
      "scrape_date": "2025-01-23T00:15:48Z",
      "stabilities": [
        "unstable"
      ],
      "unfree": false,
      "version": "5.3.1",
      "outputs_to_install": [
        "out",
        "man"
      ],
      "outputs": {
        "man": "/nix/store/rr6rgn7nfqnbafd6qsdr7b02s9pbv3ib-podman-5.3.1-man",
        "out": "/nix/store/ar9ip0v4g4520cdfsb6n2p4qj883m89d-podman-5.3.1"
      },
      "system": "aarch64-darwin",
      "group": "toplevel",
      "priority": 5
    },
    {
      "attr_path": "podman",
      "broken": false,
      "derivation": "/nix/store/rzfp2akwb2197g1vpxx3dhbrcywsvfl5-podman-5.3.1.drv",
      "description": "Program for managing pods, containers and container images",
      "install_id": "podman",
      "license": "Apache-2.0",
      "locked_url": "https://github.com/flox/nixpkgs?rev=9e4d5190a9482a1fb9d18adf0bdb83c6e506eaab",
      "name": "podman-5.3.1",
      "pname": "podman",
      "rev": "9e4d5190a9482a1fb9d18adf0bdb83c6e506eaab",
      "rev_count": 742084,
      "rev_date": "2025-01-21T14:28:11Z",
      "scrape_date": "2025-01-23T00:15:48Z",
      "stabilities": [
        "unstable"
      ],
      "unfree": false,
      "version": "5.3.1",
      "outputs_to_install": [
        "out",
        "man"
      ],
      "outputs": {
        "man": "/nix/store/s2fskzvb7vn6by7vjpdrrrv97jbhdfk1-podman-5.3.1-man",
        "out": "/nix/store/8ba3pm88y2jf2csm1mc6026hbw0xi8yh-podman-5.3.1"
      },
      "system": "aarch64-linux",
      "group": "toplevel",
      "priority": 5
    },
    {
      "attr_path": "podman",
      "broken": false,
      "derivation": "/nix/store/hs0sbd0svvjlncw2nzvzwd7ixdfrjwpv-podman-5.3.1.drv",
      "description": "Program for managing pods, containers and container images",
      "install_id": "podman",
      "license": "Apache-2.0",
      "locked_url": "https://github.com/flox/nixpkgs?rev=9e4d5190a9482a1fb9d18adf0bdb83c6e506eaab",
      "name": "podman-5.3.1",
      "pname": "podman",
      "rev": "9e4d5190a9482a1fb9d18adf0bdb83c6e506eaab",
      "rev_count": 742084,
      "rev_date": "2025-01-21T14:28:11Z",
      "scrape_date": "2025-01-23T00:15:48Z",
      "stabilities": [
        "unstable"
      ],
      "unfree": false,
      "version": "5.3.1",
      "outputs_to_install": [
        "out",
        "man"
      ],
      "outputs": {
        "man": "/nix/store/73hlx4kwalp3fpcpl8zyajcfd1ambcq5-podman-5.3.1-man",
        "out": "/nix/store/b7i5mmnqzar5bfamsp4lka6aay1w8gss-podman-5.3.1"
      },
      "system": "x86_64-darwin",
      "group": "toplevel",
      "priority": 5
    },
    {
      "attr_path": "podman",
      "broken": false,
      "derivation": "/nix/store/kxdvnqp49ji4fxhkca5ga24ahn0rm5y0-podman-5.3.1.drv",
      "description": "Program for managing pods, containers and container images",
      "install_id": "podman",
      "license": "Apache-2.0",
      "locked_url": "https://github.com/flox/nixpkgs?rev=9e4d5190a9482a1fb9d18adf0bdb83c6e506eaab",
      "name": "podman-5.3.1",
      "pname": "podman",
      "rev": "9e4d5190a9482a1fb9d18adf0bdb83c6e506eaab",
      "rev_count": 742084,
      "rev_date": "2025-01-21T14:28:11Z",
      "scrape_date": "2025-01-23T00:15:48Z",
      "stabilities": [
        "unstable"
      ],
      "unfree": false,
      "version": "5.3.1",
      "outputs_to_install": [
        "out",
        "man"
      ],
      "outputs": {
        "man": "/nix/store/zslw4a6q40f8xyzcl0ad9h56g8i66qpq-podman-5.3.1-man",
        "out": "/nix/store/5prdc9zp2bpn23ifn0k1prwn8776nxg2-podman-5.3.1"
      },
      "system": "x86_64-linux",
      "group": "toplevel",
      "priority": 5
    },
    {
      "attr_path": "raycast",
      "broken": false,
      "derivation": "/nix/store/a33fkvy584k375k51zfys3dha81rrzlc-raycast-1.89.0.drv",
      "description": "Control your tools with a few keystrokes",
      "install_id": "raycast",
      "license": "Unfree",
      "locked_url": "https://github.com/flox/nixpkgs?rev=9e4d5190a9482a1fb9d18adf0bdb83c6e506eaab",
      "name": "raycast-1.89.0",
      "pname": "raycast",
      "rev": "9e4d5190a9482a1fb9d18adf0bdb83c6e506eaab",
      "rev_count": 742084,
      "rev_date": "2025-01-21T14:28:11Z",
      "scrape_date": "2025-01-23T00:15:48Z",
      "stabilities": [
        "unstable"
      ],
      "unfree": true,
      "version": "1.89.0",
      "outputs_to_install": [
        "out"
      ],
      "outputs": {
        "out": "/nix/store/vk4j8ns8irrq912lwy95av363ww2f75l-raycast-1.89.0"
      },
      "system": "aarch64-darwin",
      "group": "toplevel",
      "priority": 5
    },
    {
      "attr_path": "raycast",
      "broken": false,
      "derivation": "/nix/store/hkx4cbi1w92dg9bxd43wh4cg353f3nfx-raycast-1.89.0.drv",
      "description": "Control your tools with a few keystrokes",
      "install_id": "raycast",
      "license": "Unfree",
      "locked_url": "https://github.com/flox/nixpkgs?rev=9e4d5190a9482a1fb9d18adf0bdb83c6e506eaab",
      "name": "raycast-1.89.0",
      "pname": "raycast",
      "rev": "9e4d5190a9482a1fb9d18adf0bdb83c6e506eaab",
      "rev_count": 742084,
      "rev_date": "2025-01-21T14:28:11Z",
      "scrape_date": "2025-01-23T00:15:48Z",
      "stabilities": [
        "unstable"
      ],
      "unfree": true,
      "version": "1.89.0",
      "outputs_to_install": [
        "out"
      ],
      "outputs": {
        "out": "/nix/store/xasghrybmlmz32xw2l35wppbr7xy5wa5-raycast-1.89.0"
      },
      "system": "x86_64-darwin",
      "group": "toplevel",
      "priority": 5
    },
    {
      "attr_path": "xz",
      "broken": false,
      "derivation": "/nix/store/rq8cnkgc8zwczzcqqvsc1jcb6cbvp6lc-xz-5.6.3.drv",
      "description": "General-purpose data compression software, successor of LZMA",
      "install_id": "xz",
      "license": "[ GPL-2.0-or-later, LGPL-2.1-or-later ]",
      "locked_url": "https://github.com/flox/nixpkgs?rev=9e4d5190a9482a1fb9d18adf0bdb83c6e506eaab",
      "name": "xz-5.6.3",
      "pname": "xz",
      "rev": "9e4d5190a9482a1fb9d18adf0bdb83c6e506eaab",
      "rev_count": 742084,
      "rev_date": "2025-01-21T14:28:11Z",
      "scrape_date": "2025-01-23T00:15:48Z",
      "stabilities": [
        "unstable"
      ],
      "unfree": false,
      "version": "5.6.3",
      "outputs_to_install": [
        "bin",
        "man"
      ],
      "outputs": {
        "bin": "/nix/store/fmgshpsi3m4c00hipfv9sqandfr7xjwl-xz-5.6.3-bin",
        "dev": "/nix/store/9kr45pn9h08nj7lj3hqvvpmc0qzg510f-xz-5.6.3-dev",
        "doc": "/nix/store/07s8khl92z626r4jq59j8aj5wkx7majy-xz-5.6.3-doc",
        "man": "/nix/store/wgyhg9wjm81bm139gyyi6jjv2rzzqjnx-xz-5.6.3-man",
        "out": "/nix/store/c0d762r3m1m3n3qc4dnffavp93004fzx-xz-5.6.3"
      },
      "system": "aarch64-darwin",
      "group": "toplevel",
      "priority": 5
    },
    {
      "attr_path": "xz",
      "broken": false,
      "derivation": "/nix/store/z6hxm4ygkw08w2c8vnkb1vjzhyl29wh3-xz-5.6.3.drv",
      "description": "General-purpose data compression software, successor of LZMA",
      "install_id": "xz",
      "license": "[ GPL-2.0-or-later, LGPL-2.1-or-later ]",
      "locked_url": "https://github.com/flox/nixpkgs?rev=9e4d5190a9482a1fb9d18adf0bdb83c6e506eaab",
      "name": "xz-5.6.3",
      "pname": "xz",
      "rev": "9e4d5190a9482a1fb9d18adf0bdb83c6e506eaab",
      "rev_count": 742084,
      "rev_date": "2025-01-21T14:28:11Z",
      "scrape_date": "2025-01-23T00:15:48Z",
      "stabilities": [
        "unstable"
      ],
      "unfree": false,
      "version": "5.6.3",
      "outputs_to_install": [
        "bin",
        "man"
      ],
      "outputs": {
        "bin": "/nix/store/5hfs8xv5rlgv8bnrb1hmz4kq80zs3md9-xz-5.6.3-bin",
        "dev": "/nix/store/h4nm668a75zzn158jikc4s21qx12xf4n-xz-5.6.3-dev",
        "doc": "/nix/store/in8iyjvh3xmck96qj0252f3gy23ia16d-xz-5.6.3-doc",
        "man": "/nix/store/0q16p04aziz28a1si6h2b5mwn1sn2xfc-xz-5.6.3-man",
        "out": "/nix/store/6i04wxj2hv4xk3rvrnbxpcrjk4d5q66d-xz-5.6.3"
      },
      "system": "aarch64-linux",
      "group": "toplevel",
      "priority": 5
    },
    {
      "attr_path": "xz",
      "broken": false,
      "derivation": "/nix/store/fs95h4k5ddsb0h3i99d32s6ly0j0j4h2-xz-5.6.3.drv",
      "description": "General-purpose data compression software, successor of LZMA",
      "install_id": "xz",
      "license": "[ GPL-2.0-or-later, LGPL-2.1-or-later ]",
      "locked_url": "https://github.com/flox/nixpkgs?rev=9e4d5190a9482a1fb9d18adf0bdb83c6e506eaab",
      "name": "xz-5.6.3",
      "pname": "xz",
      "rev": "9e4d5190a9482a1fb9d18adf0bdb83c6e506eaab",
      "rev_count": 742084,
      "rev_date": "2025-01-21T14:28:11Z",
      "scrape_date": "2025-01-23T00:15:48Z",
      "stabilities": [
        "unstable"
      ],
      "unfree": false,
      "version": "5.6.3",
      "outputs_to_install": [
        "bin",
        "man"
      ],
      "outputs": {
        "bin": "/nix/store/9gcv4rzvxv1jl0i5pgsigcn93c08628w-xz-5.6.3-bin",
        "dev": "/nix/store/f7ri3rxs8dwpxszg175z7zmmclrhyb5h-xz-5.6.3-dev",
        "doc": "/nix/store/jd2c86v6mrlcz3v61plxpddnyp8qff4q-xz-5.6.3-doc",
        "man": "/nix/store/hsa3y03rn97j2a65lrgxdiy4hpsb4nd3-xz-5.6.3-man",
        "out": "/nix/store/wqyls39qqc4r58p36rcx2cs2s905030l-xz-5.6.3"
      },
      "system": "x86_64-darwin",
      "group": "toplevel",
      "priority": 5
    },
    {
      "attr_path": "xz",
      "broken": false,
      "derivation": "/nix/store/4737vidy3nfpkxv4bn76sqqa5l9hwv13-xz-5.6.3.drv",
      "description": "General-purpose data compression software, successor of LZMA",
      "install_id": "xz",
      "license": "[ GPL-2.0-or-later, LGPL-2.1-or-later ]",
      "locked_url": "https://github.com/flox/nixpkgs?rev=9e4d5190a9482a1fb9d18adf0bdb83c6e506eaab",
      "name": "xz-5.6.3",
      "pname": "xz",
      "rev": "9e4d5190a9482a1fb9d18adf0bdb83c6e506eaab",
      "rev_count": 742084,
      "rev_date": "2025-01-21T14:28:11Z",
      "scrape_date": "2025-01-23T00:15:48Z",
      "stabilities": [
        "unstable"
      ],
      "unfree": false,
      "version": "5.6.3",
      "outputs_to_install": [
        "bin",
        "man"
      ],
      "outputs": {
        "bin": "/nix/store/2818caib67ysbakmx87qwq4dbffln9g8-xz-5.6.3-bin",
        "dev": "/nix/store/y3pbgrpn0a1az1ya1zyvdc6jq6hnb53y-xz-5.6.3-dev",
        "doc": "/nix/store/9qx4slxynifv6l1323ld7rmn8cf756j1-xz-5.6.3-doc",
        "man": "/nix/store/ydxysjrmwgspzr9fch3nchf6mm28fai1-xz-5.6.3-man",
        "out": "/nix/store/z5lfnj2msazj5s9plcrzi3qbfr2xn8da-xz-5.6.3"
      },
      "system": "x86_64-linux",
      "group": "toplevel",
      "priority": 5
    }
  ]
}